
Microsoft Visual Studio Solution File, Format Version 12.00
# Visual Studio Version 16
VisualStudioVersion = 25.0.1700.7
MinimumVisualStudioVersion = 10.0.40219.1
Project("{FAE04EC0-301F-11D3-BF4B-00C04F79EFBC}") = "t2_palindrom_methods", "t2_palindrom_methods.csproj", "{95098BD5-F895-40FD-8BCD-C1F3DFDFF50F}"
EndProject
Global
	GlobalSection(SolutionConfigurationPlatforms) = preSolution
		Debug|Any CPU = Debug|Any CPU
		Release|Any CPU = Release|Any CPU
	EndGlobalSection
	GlobalSection(ProjectConfigurationPlatforms) = postSolution
		{95098BD5-F895-40FD-8BCD-C1F3DFDFF50F}.Debug|Any CPU.ActiveCfg = Debug|Any CPU
		{95098BD5-F895-40FD-8BCD-C1F3DFDFF50F}.Debug|Any CPU.Build.0 = Debug|Any CPU
		{95098BD5-F895-40FD-8BCD-C1F3DFDFF50F}.Release|Any CPU.ActiveCfg = Release|Any CPU
		{95098BD5-F895-40FD-8BCD-C1F3DFDFF50F}.Release|Any CPU.Build.0 = Release|Any CPU
	EndGlobalSection
	GlobalSection(SolutionProperties) = preSolution
		HideSolutionNode = FALSE
	EndGlobalSection
	GlobalSection(ExtensibilityGlobals) = postSolution
		SolutionGuid = {88E6390C-E855-4A77-B3BA-0E5A536B0324}
	EndGlobalSection
EndGlobal
