
Microsoft Visual Studio Solution File, Format Version 12.00
# Visual Studio Version 16
VisualStudioVersion = 25.0.1700.7
MinimumVisualStudioVersion = 10.0.40219.1
Project("{FAE04EC0-301F-11D3-BF4B-00C04F79EFBC}") = "t1_min_max_with_methods", "t1_min_max_with_methods.csproj", "{FD0C2989-5880-4DA6-808B-E778ECBE1590}"
EndProject
Global
	GlobalSection(SolutionConfigurationPlatforms) = preSolution
		Debug|Any CPU = Debug|Any CPU
		Release|Any CPU = Release|Any CPU
	EndGlobalSection
	GlobalSection(ProjectConfigurationPlatforms) = postSolution
		{FD0C2989-5880-4DA6-808B-E778ECBE1590}.Debug|Any CPU.ActiveCfg = Debug|Any CPU
		{FD0C2989-5880-4DA6-808B-E778ECBE1590}.Debug|Any CPU.Build.0 = Debug|Any CPU
		{FD0C2989-5880-4DA6-808B-E778ECBE1590}.Release|Any CPU.ActiveCfg = Release|Any CPU
		{FD0C2989-5880-4DA6-808B-E778ECBE1590}.Release|Any CPU.Build.0 = Release|Any CPU
	EndGlobalSection
	GlobalSection(SolutionProperties) = preSolution
		HideSolutionNode = FALSE
	EndGlobalSection
	GlobalSection(ExtensibilityGlobals) = postSolution
		SolutionGuid = {E0AE78CF-D61A-4B6D-90FF-3393B36B63A9}
	EndGlobalSection
EndGlobal
