
Microsoft Visual Studio Solution File, Format Version 12.00
# Visual Studio Version 17
VisualStudioVersion = 17.4.33205.214
MinimumVisualStudioVersion = 10.0.40219.1
Project("{9A19103F-16F7-4668-BE54-9A1E7A4F7556}") = "WorkingWithEFCore", "WorkingWithEFCore\WorkingWithEFCore.csproj", "{352E4322-C94D-47FD-84C6-EFF8E55B1EF0}"
EndProject
Project("{FAE04EC0-301F-11D3-BF4B-00C04F79EFBC}") = "CoursesAndStudents", "CoursesAndStudents\CoursesAndStudents.csproj", "{C54BB792-34A9-4215-A53C-B675455FC446}"
EndProject
Global
	GlobalSection(SolutionConfigurationPlatforms) = preSolution
		Debug|Any CPU = Debug|Any CPU
		Release|Any CPU = Release|Any CPU
	EndGlobalSection
	GlobalSection(ProjectConfigurationPlatforms) = postSolution
		{352E4322-C94D-47FD-84C6-EFF8E55B1EF0}.Debug|Any CPU.ActiveCfg = Debug|Any CPU
		{352E4322-C94D-47FD-84C6-EFF8E55B1EF0}.Debug|Any CPU.Build.0 = Debug|Any CPU
		{352E4322-C94D-47FD-84C6-EFF8E55B1EF0}.Release|Any CPU.ActiveCfg = Release|Any CPU
		{352E4322-C94D-47FD-84C6-EFF8E55B1EF0}.Release|Any CPU.Build.0 = Release|Any CPU
		{C54BB792-34A9-4215-A53C-B675455FC446}.Debug|Any CPU.ActiveCfg = Debug|Any CPU
		{C54BB792-34A9-4215-A53C-B675455FC446}.Debug|Any CPU.Build.0 = Debug|Any CPU
		{C54BB792-34A9-4215-A53C-B675455FC446}.Release|Any CPU.ActiveCfg = Release|Any CPU
		{C54BB792-34A9-4215-A53C-B675455FC446}.Release|Any CPU.Build.0 = Release|Any CPU
	EndGlobalSection
	GlobalSection(SolutionProperties) = preSolution
		HideSolutionNode = FALSE
	EndGlobalSection
	GlobalSection(ExtensibilityGlobals) = postSolution
		SolutionGuid = {13A23BA1-72CD-490A-9DFC-F792D66B7F3E}
	EndGlobalSection
EndGlobal
