
Microsoft Visual Studio Solution File, Format Version 12.00
# Visual Studio Version 16
VisualStudioVersion = 25.0.1703.5
MinimumVisualStudioVersion = 10.0.40219.1
Project("{FAE04EC0-301F-11D3-BF4B-00C04F79EFBC}") = "DictionaryAssignment", "DictionaryAssignment.csproj", "{8C950BEA-D21C-44B0-9C12-F5E7600CA4D2}"
EndProject
Global
	GlobalSection(SolutionConfigurationPlatforms) = preSolution
		Debug|Any CPU = Debug|Any CPU
		Release|Any CPU = Release|Any CPU
	EndGlobalSection
	GlobalSection(ProjectConfigurationPlatforms) = postSolution
		{8C950BEA-D21C-44B0-9C12-F5E7600CA4D2}.Debug|Any CPU.ActiveCfg = Debug|Any CPU
		{8C950BEA-D21C-44B0-9C12-F5E7600CA4D2}.Debug|Any CPU.Build.0 = Debug|Any CPU
		{8C950BEA-D21C-44B0-9C12-F5E7600CA4D2}.Release|Any CPU.ActiveCfg = Release|Any CPU
		{8C950BEA-D21C-44B0-9C12-F5E7600CA4D2}.Release|Any CPU.Build.0 = Release|Any CPU
	EndGlobalSection
	GlobalSection(SolutionProperties) = preSolution
		HideSolutionNode = FALSE
	EndGlobalSection
	GlobalSection(ExtensibilityGlobals) = postSolution
		SolutionGuid = {4BA7D046-BB52-4054-BDF8-C4D4DA4E9E59}
	EndGlobalSection
EndGlobal
